
Microsoft Visual Studio Solution File, Format Version 12.00
# Visual Studio 2012
Project("{FAE04EC0-301F-11D3-BF4B-00C04F79EFBC}") = "BoilerplateForms", "BoilerplateForms\BoilerplateForms.csproj", "{D9EAA75A-670E-4DCF-84E4-0D55CFE44C23}"
EndProject
Project("{FAE04EC0-301F-11D3-BF4B-00C04F79EFBC}") = "BoilerplateForms.iOS", "iOS\BoilerplateForms.iOS.csproj", "{7A39297F-2443-4EE7-989E-C68712F5AFA4}"
EndProject
Project("{FAE04EC0-301F-11D3-BF4B-00C04F79EFBC}") = "BoilerplateForms.Droid", "Droid\BoilerplateForms.Droid.csproj", "{D14B39F8-6C86-4729-8A21-7E9F2165BA4B}"
EndProject
Global
	GlobalSection(SolutionConfigurationPlatforms) = preSolution
		Debug|Any CPU = Debug|Any CPU
		Release|Any CPU = Release|Any CPU
		Debug|iPhoneSimulator = Debug|iPhoneSimulator
		Release|iPhone = Release|iPhone
		Release|iPhoneSimulator = Release|iPhoneSimulator
		Debug|iPhone = Debug|iPhone
	EndGlobalSection
	GlobalSection(ProjectConfigurationPlatforms) = postSolution
		{D9EAA75A-670E-4DCF-84E4-0D55CFE44C23}.Debug|Any CPU.ActiveCfg = Debug|Any CPU
		{D9EAA75A-670E-4DCF-84E4-0D55CFE44C23}.Debug|Any CPU.Build.0 = Debug|Any CPU
		{D9EAA75A-670E-4DCF-84E4-0D55CFE44C23}.Release|Any CPU.ActiveCfg = Release|Any CPU
		{D9EAA75A-670E-4DCF-84E4-0D55CFE44C23}.Release|Any CPU.Build.0 = Release|Any CPU
		{D9EAA75A-670E-4DCF-84E4-0D55CFE44C23}.Debug|iPhoneSimulator.ActiveCfg = Debug|Any CPU
		{D9EAA75A-670E-4DCF-84E4-0D55CFE44C23}.Debug|iPhoneSimulator.Build.0 = Debug|Any CPU
		{D9EAA75A-670E-4DCF-84E4-0D55CFE44C23}.Release|iPhone.ActiveCfg = Release|Any CPU
		{D9EAA75A-670E-4DCF-84E4-0D55CFE44C23}.Release|iPhone.Build.0 = Release|Any CPU
		{D9EAA75A-670E-4DCF-84E4-0D55CFE44C23}.Release|iPhoneSimulator.ActiveCfg = Release|Any CPU
		{D9EAA75A-670E-4DCF-84E4-0D55CFE44C23}.Release|iPhoneSimulator.Build.0 = Release|Any CPU
		{D9EAA75A-670E-4DCF-84E4-0D55CFE44C23}.Debug|iPhone.ActiveCfg = Debug|Any CPU
		{D9EAA75A-670E-4DCF-84E4-0D55CFE44C23}.Debug|iPhone.Build.0 = Debug|Any CPU
		{7A39297F-2443-4EE7-989E-C68712F5AFA4}.Debug|Any CPU.ActiveCfg = Debug|iPhoneSimulator
		{7A39297F-2443-4EE7-989E-C68712F5AFA4}.Debug|Any CPU.Build.0 = Debug|iPhoneSimulator
		{7A39297F-2443-4EE7-989E-C68712F5AFA4}.Release|Any CPU.ActiveCfg = Debug|iPhoneSimulator
		{7A39297F-2443-4EE7-989E-C68712F5AFA4}.Release|Any CPU.Build.0 = Debug|iPhoneSimulator
		{7A39297F-2443-4EE7-989E-C68712F5AFA4}.Debug|iPhoneSimulator.ActiveCfg = Debug|iPhoneSimulator
		{7A39297F-2443-4EE7-989E-C68712F5AFA4}.Debug|iPhoneSimulator.Build.0 = Debug|iPhoneSimulator
		{7A39297F-2443-4EE7-989E-C68712F5AFA4}.Release|iPhone.ActiveCfg = Release|iPhone
		{7A39297F-2443-4EE7-989E-C68712F5AFA4}.Release|iPhone.Build.0 = Release|iPhone
		{7A39297F-2443-4EE7-989E-C68712F5AFA4}.Release|iPhoneSimulator.ActiveCfg = Release|iPhoneSimulator
		{7A39297F-2443-4EE7-989E-C68712F5AFA4}.Release|iPhoneSimulator.Build.0 = Release|iPhoneSimulator
		{7A39297F-2443-4EE7-989E-C68712F5AFA4}.Debug|iPhone.ActiveCfg = Debug|iPhone
		{7A39297F-2443-4EE7-989E-C68712F5AFA4}.Debug|iPhone.Build.0 = Debug|iPhone
		{D14B39F8-6C86-4729-8A21-7E9F2165BA4B}.Debug|Any CPU.ActiveCfg = Debug|Any CPU
		{D14B39F8-6C86-4729-8A21-7E9F2165BA4B}.Debug|Any CPU.Build.0 = Debug|Any CPU
		{D14B39F8-6C86-4729-8A21-7E9F2165BA4B}.Release|Any CPU.ActiveCfg = Release|Any CPU
		{D14B39F8-6C86-4729-8A21-7E9F2165BA4B}.Release|Any CPU.Build.0 = Release|Any CPU
		{D14B39F8-6C86-4729-8A21-7E9F2165BA4B}.Debug|iPhoneSimulator.ActiveCfg = Debug|Any CPU
		{D14B39F8-6C86-4729-8A21-7E9F2165BA4B}.Debug|iPhoneSimulator.Build.0 = Debug|Any CPU
		{D14B39F8-6C86-4729-8A21-7E9F2165BA4B}.Release|iPhone.ActiveCfg = Release|Any CPU
		{D14B39F8-6C86-4729-8A21-7E9F2165BA4B}.Release|iPhone.Build.0 = Release|Any CPU
		{D14B39F8-6C86-4729-8A21-7E9F2165BA4B}.Release|iPhoneSimulator.ActiveCfg = Release|Any CPU
		{D14B39F8-6C86-4729-8A21-7E9F2165BA4B}.Release|iPhoneSimulator.Build.0 = Release|Any CPU
		{D14B39F8-6C86-4729-8A21-7E9F2165BA4B}.Debug|iPhone.ActiveCfg = Debug|Any CPU
		{D14B39F8-6C86-4729-8A21-7E9F2165BA4B}.Debug|iPhone.Build.0 = Debug|Any CPU
	EndGlobalSection
EndGlobal
